// !$*UTF8*$!
{
	archiveVersion = 1;
	classes = {
	};
	objectVersion = 50;
	objects = {

/* Begin PBXBuildFile section */
		05019FAD241FB434007435AC /* hello.js in CopyFiles */ = {isa = PBXBuildFile; fileRef = 05019FAB241FB3FF007435AC /* hello.js */; };
		05390BF523EE31F30066631F /* PreferenceViewController.swift in Sources */ = {isa = PBXBuildFile; fileRef = 05390BF423EE31F30066631F /* PreferenceViewController.swift */; };
		05390BF823EE359F0066631F /* Preference.storyboard in Resources */ = {isa = PBXBuildFile; fileRef = 05390BF623EE359F0066631F /* Preference.storyboard */; };
		0565FC812426475D008761C7 /* colors.js in Resources */ = {isa = PBXBuildFile; fileRef = 0565FC802426475D008761C7 /* colors.js */; };
		0565FC8324264766008761C7 /* keycode.js in Resources */ = {isa = PBXBuildFile; fileRef = 0565FC8224264766008761C7 /* keycode.js */; };
		0565FC8424264775008761C7 /* keycode.js in CopyFiles */ = {isa = PBXBuildFile; fileRef = 0565FC8224264766008761C7 /* keycode.js */; };
		0565FC8524264775008761C7 /* colors.js in CopyFiles */ = {isa = PBXBuildFile; fileRef = 0565FC802426475D008761C7 /* colors.js */; };
		05703F7F2442BF1800FB2A9F /* JSTerminal.help in Resources */ = {isa = PBXBuildFile; fileRef = 05703F7E2442BF1700FB2A9F /* JSTerminal.help */; };
		059A94B923E1DB52007846FB /* Credits.rtf in Resources */ = {isa = PBXBuildFile; fileRef = 059A94B823E1DB52007846FB /* Credits.rtf */; };
		05AF9FD123DF287400E2B896 /* AppDelegate.swift in Sources */ = {isa = PBXBuildFile; fileRef = 05AF9FD023DF287400E2B896 /* AppDelegate.swift */; };
		05AF9FD323DF287400E2B896 /* ShellViewController.swift in Sources */ = {isa = PBXBuildFile; fileRef = 05AF9FD223DF287400E2B896 /* ShellViewController.swift */; };
		05AF9FD523DF287400E2B896 /* Document.swift in Sources */ = {isa = PBXBuildFile; fileRef = 05AF9FD423DF287400E2B896 /* Document.swift */; };
		05AF9FD723DF287900E2B896 /* Assets.xcassets in Resources */ = {isa = PBXBuildFile; fileRef = 05AF9FD623DF287900E2B896 /* Assets.xcassets */; };
		05AF9FDA23DF287900E2B896 /* Main.storyboard in Resources */ = {isa = PBXBuildFile; fileRef = 05AF9FD823DF287900E2B896 /* Main.storyboard */; };
		05F9E3B323DF2A6F00BA0765 /* KiwiLibrary.framework in Frameworks */ = {isa = PBXBuildFile; fileRef = 05F9E3B023DF2A6F00BA0765 /* KiwiLibrary.framework */; };
		05F9E3B423DF2A6F00BA0765 /* KiwiLibrary.framework in Embed Frameworks */ = {isa = PBXBuildFile; fileRef = 05F9E3B023DF2A6F00BA0765 /* KiwiLibrary.framework */; settings = {ATTRIBUTES = (CodeSignOnCopy, RemoveHeadersOnCopy, ); }; };
		05F9E3B723DF2A7F00BA0765 /* KiwiShell.framework in Frameworks */ = {isa = PBXBuildFile; fileRef = 05F9E3B623DF2A7F00BA0765 /* KiwiShell.framework */; };
		05F9E3B823DF2A7F00BA0765 /* KiwiShell.framework in Embed Frameworks */ = {isa = PBXBuildFile; fileRef = 05F9E3B623DF2A7F00BA0765 /* KiwiShell.framework */; settings = {ATTRIBUTES = (CodeSignOnCopy, RemoveHeadersOnCopy, ); }; };
		05F9E3BF23DF2AAF00BA0765 /* CoconutData.framework in Frameworks */ = {isa = PBXBuildFile; fileRef = 05F9E3BC23DF2AA200BA0765 /* CoconutData.framework */; };
		05F9E3C023DF2AAF00BA0765 /* CoconutData.framework in Embed Frameworks */ = {isa = PBXBuildFile; fileRef = 05F9E3BC23DF2AA200BA0765 /* CoconutData.framework */; settings = {ATTRIBUTES = (CodeSignOnCopy, RemoveHeadersOnCopy, ); }; };
		05F9E3C123DF2AB100BA0765 /* CoconutShell.framework in Frameworks */ = {isa = PBXBuildFile; fileRef = 05F9E3B923DF2A9100BA0765 /* CoconutShell.framework */; };
		05F9E3C223DF2AB100BA0765 /* CoconutShell.framework in Embed Frameworks */ = {isa = PBXBuildFile; fileRef = 05F9E3B923DF2A9100BA0765 /* CoconutShell.framework */; settings = {ATTRIBUTES = (CodeSignOnCopy, RemoveHeadersOnCopy, ); }; };
		05F9E3C323DF2AB300BA0765 /* KiwiControls.framework in Frameworks */ = {isa = PBXBuildFile; fileRef = 05F9E3AB23DF2A5700BA0765 /* KiwiControls.framework */; };
		05F9E3C423DF2AB300BA0765 /* KiwiControls.framework in Embed Frameworks */ = {isa = PBXBuildFile; fileRef = 05F9E3AB23DF2A5700BA0765 /* KiwiControls.framework */; settings = {ATTRIBUTES = (CodeSignOnCopy, RemoveHeadersOnCopy, ); }; };
		05F9E3C523DF2AB400BA0765 /* KiwiEngine.framework in Frameworks */ = {isa = PBXBuildFile; fileRef = 05F9E3AF23DF2A6F00BA0765 /* KiwiEngine.framework */; };
		05F9E3C623DF2AB400BA0765 /* KiwiEngine.framework in Embed Frameworks */ = {isa = PBXBuildFile; fileRef = 05F9E3AF23DF2A6F00BA0765 /* KiwiEngine.framework */; settings = {ATTRIBUTES = (CodeSignOnCopy, RemoveHeadersOnCopy, ); }; };
/* End PBXBuildFile section */

/* Begin PBXContainerItemProxy section */
		05D7827B23E0817700E848D2 /* PBXContainerItemProxy */ = {
			isa = PBXContainerItemProxy;
			containerPortal = 05AF9FC523DF287400E2B896 /* Project object */;
			proxyType = 1;
			remoteGlobalIDString = 05AF9FCC23DF287400E2B896;
			remoteInfo = JSTerminal;
		};
/* End PBXContainerItemProxy section */

/* Begin PBXCopyFilesBuildPhase section */
		05019FAC241FB420007435AC /* CopyFiles */ = {
			isa = PBXCopyFilesBuildPhase;
			buildActionMask = 2147483647;
			dstPath = Documents/Sample;
			dstSubfolderSpec = 7;
			files = (
				0565FC8424264775008761C7 /* keycode.js in CopyFiles */,
				0565FC8524264775008761C7 /* colors.js in CopyFiles */,
				05019FAD241FB434007435AC /* hello.js in CopyFiles */,
			);
			runOnlyForDeploymentPostprocessing = 0;
		};
		05F9E3B523DF2A6F00BA0765 /* Embed Frameworks */ = {
			isa = PBXCopyFilesBuildPhase;
			buildActionMask = 2147483647;
			dstPath = "";
			dstSubfolderSpec = 10;
			files = (
				05F9E3C023DF2AAF00BA0765 /* CoconutData.framework in Embed Frameworks */,
				05F9E3C223DF2AB100BA0765 /* CoconutShell.framework in Embed Frameworks */,
				05F9E3C623DF2AB400BA0765 /* KiwiEngine.framework in Embed Frameworks */,
				05F9E3B423DF2A6F00BA0765 /* KiwiLibrary.framework in Embed Frameworks */,
				05F9E3B823DF2A7F00BA0765 /* KiwiShell.framework in Embed Frameworks */,
				05F9E3C423DF2AB300BA0765 /* KiwiControls.framework in Embed Frameworks */,
			);
			name = "Embed Frameworks";
			runOnlyForDeploymentPostprocessing = 0;
		};
/* End PBXCopyFilesBuildPhase section */

/* Begin PBXFileReference section */
		05019FAB241FB3FF007435AC /* hello.js */ = {isa = PBXFileReference; fileEncoding = 4; lastKnownFileType = sourcecode.javascript; path = hello.js; sourceTree = "<group>"; };
		05390BF423EE31F30066631F /* PreferenceViewController.swift */ = {isa = PBXFileReference; fileEncoding = 4; lastKnownFileType = sourcecode.swift; path = PreferenceViewController.swift; sourceTree = "<group>"; };
		05390BF723EE359F0066631F /* Base */ = {isa = PBXFileReference; lastKnownFileType = file.storyboard; name = Base; path = Base.lproj/Preference.storyboard; sourceTree = "<group>"; };
		0565FC802426475D008761C7 /* colors.js */ = {isa = PBXFileReference; fileEncoding = 4; lastKnownFileType = sourcecode.javascript; path = colors.js; sourceTree = "<group>"; };
		0565FC8224264766008761C7 /* keycode.js */ = {isa = PBXFileReference; fileEncoding = 4; lastKnownFileType = sourcecode.javascript; path = keycode.js; sourceTree = "<group>"; };
		05703F7E2442BF1700FB2A9F /* JSTerminal.help */ = {isa = PBXFileReference; lastKnownFileType = folder; path = JSTerminal.help; sourceTree = "<group>"; };
		059A94B823E1DB52007846FB /* Credits.rtf */ = {isa = PBXFileReference; fileEncoding = 4; lastKnownFileType = text.rtf; path = Credits.rtf; sourceTree = "<group>"; };
		05AF9FCD23DF287400E2B896 /* JSTerminal.app */ = {isa = PBXFileReference; explicitFileType = wrapper.application; includeInIndex = 0; path = JSTerminal.app; sourceTree = BUILT_PRODUCTS_DIR; };
		05AF9FD023DF287400E2B896 /* AppDelegate.swift */ = {isa = PBXFileReference; lastKnownFileType = sourcecode.swift; path = AppDelegate.swift; sourceTree = "<group>"; };
		05AF9FD223DF287400E2B896 /* ShellViewController.swift */ = {isa = PBXFileReference; lastKnownFileType = sourcecode.swift; path = ShellViewController.swift; sourceTree = "<group>"; };
		05AF9FD423DF287400E2B896 /* Document.swift */ = {isa = PBXFileReference; lastKnownFileType = sourcecode.swift; path = Document.swift; sourceTree = "<group>"; };
		05AF9FD623DF287900E2B896 /* Assets.xcassets */ = {isa = PBXFileReference; lastKnownFileType = folder.assetcatalog; path = Assets.xcassets; sourceTree = "<group>"; };
		05AF9FD923DF287900E2B896 /* Base */ = {isa = PBXFileReference; lastKnownFileType = file.storyboard; name = Base; path = Base.lproj/Main.storyboard; sourceTree = "<group>"; };
		05AF9FDB23DF287900E2B896 /* Info.plist */ = {isa = PBXFileReference; lastKnownFileType = text.plist.xml; name = Info.plist; path = ../Info.plist; sourceTree = "<group>"; };
		05AF9FDC23DF287900E2B896 /* JSTerminal.entitlements */ = {isa = PBXFileReference; lastKnownFileType = text.plist.entitlements; path = JSTerminal.entitlements; sourceTree = "<group>"; };
		05F9E3AB23DF2A5700BA0765 /* KiwiControls.framework */ = {isa = PBXFileReference; lastKnownFileType = wrapper.framework; name = KiwiControls.framework; path = ../../../Library/Frameworks/KiwiControls.framework; sourceTree = "<group>"; };
		05F9E3AF23DF2A6F00BA0765 /* KiwiEngine.framework */ = {isa = PBXFileReference; lastKnownFileType = wrapper.framework; name = KiwiEngine.framework; path = ../../../Library/Frameworks/KiwiEngine.framework; sourceTree = "<group>"; };
		05F9E3B023DF2A6F00BA0765 /* KiwiLibrary.framework */ = {isa = PBXFileReference; lastKnownFileType = wrapper.framework; name = KiwiLibrary.framework; path = ../../../Library/Frameworks/KiwiLibrary.framework; sourceTree = "<group>"; };
		05F9E3B623DF2A7F00BA0765 /* KiwiShell.framework */ = {isa = PBXFileReference; lastKnownFileType = wrapper.framework; name = KiwiShell.framework; path = ../../../Library/Frameworks/KiwiShell.framework; sourceTree = "<group>"; };
		05F9E3B923DF2A9100BA0765 /* CoconutShell.framework */ = {isa = PBXFileReference; lastKnownFileType = wrapper.framework; name = CoconutShell.framework; path = ../../../Library/Frameworks/CoconutShell.framework; sourceTree = "<group>"; };
		05F9E3BC23DF2AA200BA0765 /* CoconutData.framework */ = {isa = PBXFileReference; lastKnownFileType = wrapper.framework; name = CoconutData.framework; path = ../../../Library/Frameworks/CoconutData.framework; sourceTree = "<group>"; };
/* End PBXFileReference section */

/* Begin PBXFrameworksBuildPhase section */
		05AF9FCA23DF287400E2B896 /* Frameworks */ = {
			isa = PBXFrameworksBuildPhase;
			buildActionMask = 2147483647;
			files = (
				05F9E3BF23DF2AAF00BA0765 /* CoconutData.framework in Frameworks */,
				05F9E3C323DF2AB300BA0765 /* KiwiControls.framework in Frameworks */,
				05F9E3C523DF2AB400BA0765 /* KiwiEngine.framework in Frameworks */,
				05F9E3B323DF2A6F00BA0765 /* KiwiLibrary.framework in Frameworks */,
				05F9E3B723DF2A7F00BA0765 /* KiwiShell.framework in Frameworks */,
				05F9E3C123DF2AB100BA0765 /* CoconutShell.framework in Frameworks */,
			);
			runOnlyForDeploymentPostprocessing = 0;
		};
/* End PBXFrameworksBuildPhase section */

/* Begin PBXGroup section */
		05019FAA241FB3DD007435AC /* Sample */ = {
			isa = PBXGroup;
			children = (
				0565FC8224264766008761C7 /* keycode.js */,
				0565FC802426475D008761C7 /* colors.js */,
				05019FAB241FB3FF007435AC /* hello.js */,
			);
			path = Sample;
			sourceTree = "<group>";
		};
		059A94B723E1DB24007846FB /* Resource */ = {
			isa = PBXGroup;
			children = (
				05019FAA241FB3DD007435AC /* Sample */,
				059A94B823E1DB52007846FB /* Credits.rtf */,
				05703F7E2442BF1700FB2A9F /* JSTerminal.help */,
			);
			name = Resource;
			path = ../Resource;
			sourceTree = "<group>";
		};
		05AF9FC423DF287400E2B896 = {
			isa = PBXGroup;
			children = (
				05F9E3A923DF28C300BA0765 /* Source */,
				05AF9FCF23DF287400E2B896 /* JSTerminal */,
				059A94B723E1DB24007846FB /* Resource */,
				05AF9FCE23DF287400E2B896 /* Products */,
				05F9E3AA23DF2A5700BA0765 /* Frameworks */,
			);
			sourceTree = "<group>";
		};
		05AF9FCE23DF287400E2B896 /* Products */ = {
			isa = PBXGroup;
			children = (
				05AF9FCD23DF287400E2B896 /* JSTerminal.app */,
			);
			name = Products;
			sourceTree = "<group>";
		};
		05AF9FCF23DF287400E2B896 /* JSTerminal */ = {
			isa = PBXGroup;
			children = (
				05AF9FD623DF287900E2B896 /* Assets.xcassets */,
				05AF9FD823DF287900E2B896 /* Main.storyboard */,
				05390BF623EE359F0066631F /* Preference.storyboard */,
				05AF9FDB23DF287900E2B896 /* Info.plist */,
				05AF9FDC23DF287900E2B896 /* JSTerminal.entitlements */,
			);
			path = JSTerminal;
			sourceTree = "<group>";
		};
		05F9E3A923DF28C300BA0765 /* Source */ = {
			isa = PBXGroup;
			children = (
				05AF9FD023DF287400E2B896 /* AppDelegate.swift */,
				05AF9FD423DF287400E2B896 /* Document.swift */,
				05AF9FD223DF287400E2B896 /* ShellViewController.swift */,
				05390BF423EE31F30066631F /* PreferenceViewController.swift */,
			);
			name = Source;
			path = ../Source;
			sourceTree = "<group>";
		};
		05F9E3AA23DF2A5700BA0765 /* Frameworks */ = {
			isa = PBXGroup;
			children = (
				05F9E3BC23DF2AA200BA0765 /* CoconutData.framework */,
				05F9E3B923DF2A9100BA0765 /* CoconutShell.framework */,
				05F9E3B623DF2A7F00BA0765 /* KiwiShell.framework */,
				05F9E3AF23DF2A6F00BA0765 /* KiwiEngine.framework */,
				05F9E3B023DF2A6F00BA0765 /* KiwiLibrary.framework */,
				05F9E3AB23DF2A5700BA0765 /* KiwiControls.framework */,
			);
			name = Frameworks;
			sourceTree = "<group>";
		};
/* End PBXGroup section */

/* Begin PBXLegacyTarget section */
		05D7827723E0816F00E848D2 /* Install */ = {
			isa = PBXLegacyTarget;
			buildArgumentsString = "-f ../Script/install_osx.mk";
			buildConfigurationList = 05D7827823E0816F00E848D2 /* Build configuration list for PBXLegacyTarget "Install" */;
			buildPhases = (
			);
			buildToolPath = /usr/bin/make;
			buildWorkingDirectory = "";
			dependencies = (
				05D7827C23E0817700E848D2 /* PBXTargetDependency */,
			);
			name = Install;
			passBuildSettingsInEnvironment = 1;
			productName = Install;
		};
/* End PBXLegacyTarget section */

/* Begin PBXNativeTarget section */
		05AF9FCC23DF287400E2B896 /* JSTerminal */ = {
			isa = PBXNativeTarget;
			buildConfigurationList = 05AF9FDF23DF287900E2B896 /* Build configuration list for PBXNativeTarget "JSTerminal" */;
			buildPhases = (
				05AF9FC923DF287400E2B896 /* Sources */,
				05AF9FCA23DF287400E2B896 /* Frameworks */,
				05AF9FCB23DF287400E2B896 /* Resources */,
				05F9E3B523DF2A6F00BA0765 /* Embed Frameworks */,
				05019FAC241FB420007435AC /* CopyFiles */,
			);
			buildRules = (
			);
			dependencies = (
			);
			name = JSTerminal;
			productName = JSTerminal;
			productReference = 05AF9FCD23DF287400E2B896 /* JSTerminal.app */;
			productType = "com.apple.product-type.application";
		};
/* End PBXNativeTarget section */

/* Begin PBXProject section */
		05AF9FC523DF287400E2B896 /* Project object */ = {
			isa = PBXProject;
			attributes = {
				LastSwiftUpdateCheck = 1130;
				LastUpgradeCheck = 1130;
				ORGANIZATIONNAME = "Steel Wheels Project";
				TargetAttributes = {
					05AF9FCC23DF287400E2B896 = {
						CreatedOnToolsVersion = 11.3.1;
					};
					05D7827723E0816F00E848D2 = {
						CreatedOnToolsVersion = 11.3.1;
					};
				};
			};
			buildConfigurationList = 05AF9FC823DF287400E2B896 /* Build configuration list for PBXProject "JSTerminal" */;
			compatibilityVersion = "Xcode 9.3";
			developmentRegion = en;
			hasScannedForEncodings = 0;
			knownRegions = (
				en,
				Base,
			);
			mainGroup = 05AF9FC423DF287400E2B896;
			productRefGroup = 05AF9FCE23DF287400E2B896 /* Products */;
			projectDirPath = "";
			projectRoot = "";
			targets = (
				05AF9FCC23DF287400E2B896 /* JSTerminal */,
				05D7827723E0816F00E848D2 /* Install */,
			);
		};
/* End PBXProject section */

/* Begin PBXResourcesBuildPhase section */
		05AF9FCB23DF287400E2B896 /* Resources */ = {
			isa = PBXResourcesBuildPhase;
			buildActionMask = 2147483647;
			files = (
				05AF9FD723DF287900E2B896 /* Assets.xcassets in Resources */,
				05703F7F2442BF1800FB2A9F /* JSTerminal.help in Resources */,
				059A94B923E1DB52007846FB /* Credits.rtf in Resources */,
				05AF9FDA23DF287900E2B896 /* Main.storyboard in Resources */,
				0565FC8324264766008761C7 /* keycode.js in Resources */,
				0565FC812426475D008761C7 /* colors.js in Resources */,
				05390BF823EE359F0066631F /* Preference.storyboard in Resources */,
			);
			runOnlyForDeploymentPostprocessing = 0;
		};
/* End PBXResourcesBuildPhase section */

/* Begin PBXSourcesBuildPhase section */
		05AF9FC923DF287400E2B896 /* Sources */ = {
			isa = PBXSourcesBuildPhase;
			buildActionMask = 2147483647;
			files = (
				05390BF523EE31F30066631F /* PreferenceViewController.swift in Sources */,
				05AF9FD323DF287400E2B896 /* ShellViewController.swift in Sources */,
				05AF9FD123DF287400E2B896 /* AppDelegate.swift in Sources */,
				05AF9FD523DF287400E2B896 /* Document.swift in Sources */,
			);
			runOnlyForDeploymentPostprocessing = 0;
		};
/* End PBXSourcesBuildPhase section */

/* Begin PBXTargetDependency section */
		05D7827C23E0817700E848D2 /* PBXTargetDependency */ = {
			isa = PBXTargetDependency;
			target = 05AF9FCC23DF287400E2B896 /* JSTerminal */;
			targetProxy = 05D7827B23E0817700E848D2 /* PBXContainerItemProxy */;
		};
/* End PBXTargetDependency section */

/* Begin PBXVariantGroup section */
		05390BF623EE359F0066631F /* Preference.storyboard */ = {
			isa = PBXVariantGroup;
			children = (
				05390BF723EE359F0066631F /* Base */,
			);
			name = Preference.storyboard;
			sourceTree = "<group>";
		};
		05AF9FD823DF287900E2B896 /* Main.storyboard */ = {
			isa = PBXVariantGroup;
			children = (
				05AF9FD923DF287900E2B896 /* Base */,
			);
			name = Main.storyboard;
			sourceTree = "<group>";
		};
/* End PBXVariantGroup section */

/* Begin XCBuildConfiguration section */
		05AF9FDD23DF287900E2B896 /* Debug */ = {
			isa = XCBuildConfiguration;
			buildSettings = {
				ALWAYS_SEARCH_USER_PATHS = NO;
				CLANG_ANALYZER_NONNULL = YES;
				CLANG_ANALYZER_NUMBER_OBJECT_CONVERSION = YES_AGGRESSIVE;
				CLANG_CXX_LANGUAGE_STANDARD = "gnu++14";
				CLANG_CXX_LIBRARY = "libc++";
				CLANG_ENABLE_MODULES = YES;
				CLANG_ENABLE_OBJC_ARC = YES;
				CLANG_ENABLE_OBJC_WEAK = YES;
				CLANG_WARN_BLOCK_CAPTURE_AUTORELEASING = YES;
				CLANG_WARN_BOOL_CONVERSION = YES;
				CLANG_WARN_COMMA = YES;
				CLANG_WARN_CONSTANT_CONVERSION = YES;
				CLANG_WARN_DEPRECATED_OBJC_IMPLEMENTATIONS = YES;
				CLANG_WARN_DIRECT_OBJC_ISA_USAGE = YES_ERROR;
				CLANG_WARN_DOCUMENTATION_COMMENTS = YES;
				CLANG_WARN_EMPTY_BODY = YES;
				CLANG_WARN_ENUM_CONVERSION = YES;
				CLANG_WARN_INFINITE_RECURSION = YES;
				CLANG_WARN_INT_CONVERSION = YES;
				CLANG_WARN_NON_LITERAL_NULL_CONVERSION = YES;
				CLANG_WARN_OBJC_IMPLICIT_RETAIN_SELF = YES;
				CLANG_WARN_OBJC_LITERAL_CONVERSION = YES;
				CLANG_WARN_OBJC_ROOT_CLASS = YES_ERROR;
				CLANG_WARN_RANGE_LOOP_ANALYSIS = YES;
				CLANG_WARN_STRICT_PROTOTYPES = YES;
				CLANG_WARN_SUSPICIOUS_MOVE = YES;
				CLANG_WARN_UNGUARDED_AVAILABILITY = YES_AGGRESSIVE;
				CLANG_WARN_UNREACHABLE_CODE = YES;
				CLANG_WARN__DUPLICATE_METHOD_MATCH = YES;
				COPY_PHASE_STRIP = NO;
				DEBUG_INFORMATION_FORMAT = dwarf;
				ENABLE_STRICT_OBJC_MSGSEND = YES;
				ENABLE_TESTABILITY = YES;
				GCC_C_LANGUAGE_STANDARD = gnu11;
				GCC_DYNAMIC_NO_PIC = NO;
				GCC_NO_COMMON_BLOCKS = YES;
				GCC_OPTIMIZATION_LEVEL = 0;
				GCC_PREPROCESSOR_DEFINITIONS = (
					"DEBUG=1",
					"$(inherited)",
				);
				GCC_WARN_64_TO_32_BIT_CONVERSION = YES;
				GCC_WARN_ABOUT_RETURN_TYPE = YES_ERROR;
				GCC_WARN_UNDECLARED_SELECTOR = YES;
				GCC_WARN_UNINITIALIZED_AUTOS = YES_AGGRESSIVE;
				GCC_WARN_UNUSED_FUNCTION = YES;
				GCC_WARN_UNUSED_VARIABLE = YES;
				MACOSX_DEPLOYMENT_TARGET = 10.15;
				MTL_ENABLE_DEBUG_INFO = INCLUDE_SOURCE;
				MTL_FAST_MATH = YES;
				ONLY_ACTIVE_ARCH = YES;
				SDKROOT = macosx;
				SWIFT_ACTIVE_COMPILATION_CONDITIONS = DEBUG;
				SWIFT_OPTIMIZATION_LEVEL = "-Onone";
			};
			name = Debug;
		};
		05AF9FDE23DF287900E2B896 /* Release */ = {
			isa = XCBuildConfiguration;
			buildSettings = {
				ALWAYS_SEARCH_USER_PATHS = NO;
				CLANG_ANALYZER_NONNULL = YES;
				CLANG_ANALYZER_NUMBER_OBJECT_CONVERSION = YES_AGGRESSIVE;
				CLANG_CXX_LANGUAGE_STANDARD = "gnu++14";
				CLANG_CXX_LIBRARY = "libc++";
				CLANG_ENABLE_MODULES = YES;
				CLANG_ENABLE_OBJC_ARC = YES;
				CLANG_ENABLE_OBJC_WEAK = YES;
				CLANG_WARN_BLOCK_CAPTURE_AUTORELEASING = YES;
				CLANG_WARN_BOOL_CONVERSION = YES;
				CLANG_WARN_COMMA = YES;
				CLANG_WARN_CONSTANT_CONVERSION = YES;
				CLANG_WARN_DEPRECATED_OBJC_IMPLEMENTATIONS = YES;
				CLANG_WARN_DIRECT_OBJC_ISA_USAGE = YES_ERROR;
				CLANG_WARN_DOCUMENTATION_COMMENTS = YES;
				CLANG_WARN_EMPTY_BODY = YES;
				CLANG_WARN_ENUM_CONVERSION = YES;
				CLANG_WARN_INFINITE_RECURSION = YES;
				CLANG_WARN_INT_CONVERSION = YES;
				CLANG_WARN_NON_LITERAL_NULL_CONVERSION = YES;
				CLANG_WARN_OBJC_IMPLICIT_RETAIN_SELF = YES;
				CLANG_WARN_OBJC_LITERAL_CONVERSION = YES;
				CLANG_WARN_OBJC_ROOT_CLASS = YES_ERROR;
				CLANG_WARN_RANGE_LOOP_ANALYSIS = YES;
				CLANG_WARN_STRICT_PROTOTYPES = YES;
				CLANG_WARN_SUSPICIOUS_MOVE = YES;
				CLANG_WARN_UNGUARDED_AVAILABILITY = YES_AGGRESSIVE;
				CLANG_WARN_UNREACHABLE_CODE = YES;
				CLANG_WARN__DUPLICATE_METHOD_MATCH = YES;
				COPY_PHASE_STRIP = NO;
				DEBUG_INFORMATION_FORMAT = "dwarf-with-dsym";
				ENABLE_NS_ASSERTIONS = NO;
				ENABLE_STRICT_OBJC_MSGSEND = YES;
				GCC_C_LANGUAGE_STANDARD = gnu11;
				GCC_NO_COMMON_BLOCKS = YES;
				GCC_WARN_64_TO_32_BIT_CONVERSION = YES;
				GCC_WARN_ABOUT_RETURN_TYPE = YES_ERROR;
				GCC_WARN_UNDECLARED_SELECTOR = YES;
				GCC_WARN_UNINITIALIZED_AUTOS = YES_AGGRESSIVE;
				GCC_WARN_UNUSED_FUNCTION = YES;
				GCC_WARN_UNUSED_VARIABLE = YES;
				MACOSX_DEPLOYMENT_TARGET = 10.15;
				MTL_ENABLE_DEBUG_INFO = NO;
				MTL_FAST_MATH = YES;
				SDKROOT = macosx;
				SWIFT_COMPILATION_MODE = wholemodule;
				SWIFT_OPTIMIZATION_LEVEL = "-O";
			};
			name = Release;
		};
		05AF9FE023DF287900E2B896 /* Debug */ = {
			isa = XCBuildConfiguration;
			buildSettings = {
				ASSETCATALOG_COMPILER_APPICON_NAME = AppIcon;
				CODE_SIGN_ENTITLEMENTS = JSTerminal/JSTerminal.entitlements;
				CODE_SIGN_IDENTITY = "Apple Development";
				CODE_SIGN_STYLE = Automatic;
				COMBINE_HIDPI_IMAGES = YES;
				CURRENT_PROJECT_VERSION = 2;
				DEVELOPMENT_TEAM = TR2DNF3P93;
				ENABLE_HARDENED_RUNTIME = YES;
				FRAMEWORK_SEARCH_PATHS = (
					"$(inherited)",
					"$(USER_LIBRARY_DIR)/Frameworks",
				);
				INFOPLIST_FILE = Info.plist;
				INSTALL_PATH = "$(HOME)/Applications";
				LD_RUNPATH_SEARCH_PATHS = (
					"$(inherited)",
					"@executable_path/../Frameworks",
				);
				PRODUCT_BUNDLE_IDENTIFIER = github.com.steelwheels.JSTerminal;
				PRODUCT_NAME = "$(TARGET_NAME)";
				PROVISIONING_PROFILE_SPECIFIER = "";
				SWIFT_VERSION = 5.0;
			};
			name = Debug;
		};
		05AF9FE123DF287900E2B896 /* Release */ = {
			isa = XCBuildConfiguration;
			buildSettings = {
				ASSETCATALOG_COMPILER_APPICON_NAME = AppIcon;
				CODE_SIGN_ENTITLEMENTS = JSTerminal/JSTerminal.entitlements;
				CODE_SIGN_IDENTITY = "Apple Development";
				CODE_SIGN_STYLE = Automatic;
				COMBINE_HIDPI_IMAGES = YES;
				CURRENT_PROJECT_VERSION = 2;
				DEVELOPMENT_TEAM = TR2DNF3P93;
				ENABLE_HARDENED_RUNTIME = YES;
				FRAMEWORK_SEARCH_PATHS = (
					"$(inherited)",
					"$(USER_LIBRARY_DIR)/Frameworks",
				);
				INFOPLIST_FILE = Info.plist;
				INSTALL_PATH = "$(HOME)/Applications";
				LD_RUNPATH_SEARCH_PATHS = (
					"$(inherited)",
					"@executable_path/../Frameworks",
				);
				PRODUCT_BUNDLE_IDENTIFIER = github.com.steelwheels.JSTerminal;
				PRODUCT_NAME = "$(TARGET_NAME)";
				PROVISIONING_PROFILE_SPECIFIER = "";
				SWIFT_VERSION = 5.0;
			};
			name = Release;
		};
		05D7827923E0816F00E848D2 /* Debug */ = {
			isa = XCBuildConfiguration;
			buildSettings = {
				CODE_SIGN_STYLE = Automatic;
				DEBUGGING_SYMBOLS = YES;
				DEBUG_INFORMATION_FORMAT = dwarf;
				DEVELOPMENT_TEAM = TR2DNF3P93;
				GCC_GENERATE_DEBUGGING_SYMBOLS = YES;
				GCC_OPTIMIZATION_LEVEL = 0;
				OTHER_CFLAGS = "";
				OTHER_LDFLAGS = "";
				PRODUCT_NAME = "$(TARGET_NAME)";
			};
			name = Debug;
		};
		05D7827A23E0816F00E848D2 /* Release */ = {
			isa = XCBuildConfiguration;
			buildSettings = {
				CODE_SIGN_STYLE = Automatic;
				DEBUG_INFORMATION_FORMAT = "dwarf-with-dsym";
				DEVELOPMENT_TEAM = TR2DNF3P93;
				OTHER_CFLAGS = "";
				OTHER_LDFLAGS = "";
				PRODUCT_NAME = "$(TARGET_NAME)";
			};
			name = Release;
		};
/* End XCBuildConfiguration section */

/* Begin XCConfigurationList section */
		05AF9FC823DF287400E2B896 /* Build configuration list for PBXProject "JSTerminal" */ = {
			isa = XCConfigurationList;
			buildConfigurations = (
				05AF9FDD23DF287900E2B896 /* Debug */,
				05AF9FDE23DF287900E2B896 /* Release */,
			);
			defaultConfigurationIsVisible = 0;
			defaultConfigurationName = Release;
		};
		05AF9FDF23DF287900E2B896 /* Build configuration list for PBXNativeTarget "JSTerminal" */ = {
			isa = XCConfigurationList;
			buildConfigurations = (
				05AF9FE023DF287900E2B896 /* Debug */,
				05AF9FE123DF287900E2B896 /* Release */,
			);
			defaultConfigurationIsVisible = 0;
			defaultConfigurationName = Release;
		};
		05D7827823E0816F00E848D2 /* Build configuration list for PBXLegacyTarget "Install" */ = {
			isa = XCConfigurationList;
			buildConfigurations = (
				05D7827923E0816F00E848D2 /* Debug */,
				05D7827A23E0816F00E848D2 /* Release */,
			);
			defaultConfigurationIsVisible = 0;
			defaultConfigurationName = Release;
		};
/* End XCConfigurationList section */
	};
	rootObject = 05AF9FC523DF287400E2B896 /* Project object */;
}
